{
  "requires": true,
  "lockfileVersion": 1,
  "dependencies": {
    "dayjs": {
      "version": "1.9.3",
      "resolved": "https://registry.npmjs.org/dayjs/-/dayjs-1.9.3.tgz",
      "integrity": "sha512-V+1SyIvkS+HmNbN1G7A9+ERbFTV9KTXu6Oor98v2xHmzzpp52OIJhQuJSTywWuBY5pyAEmlwbCi1Me87n/SLOw=="
    }
  }
}
